
Microsoft Visual Studio Solution File, Format Version 12.00
# Visual Studio 15
VisualStudioVersion = 15.0.28307.757
MinimumVisualStudioVersion = 10.0.40219.1
Project("{FAE04EC0-301F-11D3-BF4B-00C04F79EFBC}") = "VidlyNew", "VidlyNew\VidlyNew.csproj", "{5EE36C85-D2C9-46E6-AD07-D5D34E1A836C}"
EndProject
Global
	GlobalSection(SolutionConfigurationPlatforms) = preSolution
		Debug|Any CPU = Debug|Any CPU
		Release|Any CPU = Release|Any CPU
	EndGlobalSection
	GlobalSection(ProjectConfigurationPlatforms) = postSolution
		{5EE36C85-D2C9-46E6-AD07-D5D34E1A836C}.Debug|Any CPU.ActiveCfg = Debug|Any CPU
		{5EE36C85-D2C9-46E6-AD07-D5D34E1A836C}.Debug|Any CPU.Build.0 = Debug|Any CPU
		{5EE36C85-D2C9-46E6-AD07-D5D34E1A836C}.Release|Any CPU.ActiveCfg = Release|Any CPU
		{5EE36C85-D2C9-46E6-AD07-D5D34E1A836C}.Release|Any CPU.Build.0 = Release|Any CPU
	EndGlobalSection
	GlobalSection(SolutionProperties) = preSolution
		HideSolutionNode = FALSE
	EndGlobalSection
	GlobalSection(ExtensibilityGlobals) = postSolution
		SolutionGuid = {0CCF0E66-52C2-4B30-A38E-59B01B465595}
	EndGlobalSection
EndGlobal
